
Microsoft Visual Studio Solution File, Format Version 12.00
# Visual Studio Version 17
VisualStudioVersion = 17.0.31903.59
MinimumVisualStudioVersion = 10.0.40219.1
Project("{2150E333-8FDC-42A3-9474-1A3956D46DE8}") = "UserService", "UserService", "{C0127DB6-3CA8-EE98-7726-A4993E48C5D4}"
EndProject
Project("{FAE04EC0-301F-11D3-BF4B-00C04F79EFBC}") = "UserService.API", "UserService\UserService.API\UserService.API.csproj", "{3A967D3B-13A1-410A-A8A4-209E9ED0C3AB}"
EndProject
Project("{FAE04EC0-301F-11D3-BF4B-00C04F79EFBC}") = "UserService.Application", "UserService\UserService.Application\UserService.Application.csproj", "{49EB7164-EB95-4E37-954F-F056356A3CC6}"
EndProject
Project("{FAE04EC0-301F-11D3-BF4B-00C04F79EFBC}") = "UserService.Domain", "UserService\UserService.Domain\UserService.Domain.csproj", "{58455423-2BCC-48F0-B862-E9E26F967650}"
EndProject
Project("{FAE04EC0-301F-11D3-BF4B-00C04F79EFBC}") = "UserService.Infrastructure", "UserService\UserService.Infrastructure\UserService.Infrastructure.csproj", "{4E1F9029-3FED-40A4-AC79-DCB21DD2DEC4}"
EndProject
Project("{2150E333-8FDC-42A3-9474-1A3956D46DE8}") = "OrderService", "OrderService", "{E062B389-F9D7-4BCE-9B87-8EFF05D5DB7C}"
EndProject
Project("{FAE04EC0-301F-11D3-BF4B-00C04F79EFBC}") = "OrderService.API", "OrderService\OrderService.API\OrderService.API.csproj", "{627AA5DC-5FD1-4F6A-806A-1DA36236194E}"
EndProject
Project("{FAE04EC0-301F-11D3-BF4B-00C04F79EFBC}") = "OrderService.Application", "OrderService\OrderService.Application\OrderService.Application.csproj", "{5CDEBB97-C12E-4E3F-8511-6277DDA734F4}"
EndProject
Project("{FAE04EC0-301F-11D3-BF4B-00C04F79EFBC}") = "OrderService.Domain", "OrderService\OrderService.Domain\OrderService.Domain.csproj", "{7D191CBF-A5EA-41F4-986D-B41821B7F24E}"
EndProject
Project("{FAE04EC0-301F-11D3-BF4B-00C04F79EFBC}") = "OrderService.Infrastructure", "OrderService\OrderService.Infrastructure\OrderService.Infrastructure.csproj", "{DCF4DDD0-6F4E-433E-A4D9-21932B36B2E3}"
EndProject
Project("{2150E333-8FDC-42A3-9474-1A3956D46DE8}") = "Shared", "Shared", "{4D30FBE7-8BE3-4950-99A4-4E3C7E76E8F4}"
EndProject
Project("{FAE04EC0-301F-11D3-BF4B-00C04F79EFBC}") = "Shared", "Shared\Shared.csproj", "{240A0930-9587-40F1-9016-99C564B7D3C2}"
EndProject
Global
	GlobalSection(SolutionConfigurationPlatforms) = preSolution
		Debug|Any CPU = Debug|Any CPU
		Debug|x64 = Debug|x64
		Debug|x86 = Debug|x86
		Release|Any CPU = Release|Any CPU
		Release|x64 = Release|x64
		Release|x86 = Release|x86
	EndGlobalSection
	GlobalSection(ProjectConfigurationPlatforms) = postSolution
		{3A967D3B-13A1-410A-A8A4-209E9ED0C3AB}.Debug|Any CPU.ActiveCfg = Debug|Any CPU
		{3A967D3B-13A1-410A-A8A4-209E9ED0C3AB}.Debug|Any CPU.Build.0 = Debug|Any CPU
		{3A967D3B-13A1-410A-A8A4-209E9ED0C3AB}.Debug|x64.ActiveCfg = Debug|Any CPU
		{3A967D3B-13A1-410A-A8A4-209E9ED0C3AB}.Debug|x64.Build.0 = Debug|Any CPU
		{3A967D3B-13A1-410A-A8A4-209E9ED0C3AB}.Debug|x86.ActiveCfg = Debug|Any CPU
		{3A967D3B-13A1-410A-A8A4-209E9ED0C3AB}.Debug|x86.Build.0 = Debug|Any CPU
		{3A967D3B-13A1-410A-A8A4-209E9ED0C3AB}.Release|Any CPU.ActiveCfg = Release|Any CPU
		{3A967D3B-13A1-410A-A8A4-209E9ED0C3AB}.Release|Any CPU.Build.0 = Release|Any CPU
		{3A967D3B-13A1-410A-A8A4-209E9ED0C3AB}.Release|x64.ActiveCfg = Release|Any CPU
		{3A967D3B-13A1-410A-A8A4-209E9ED0C3AB}.Release|x64.Build.0 = Release|Any CPU
		{3A967D3B-13A1-410A-A8A4-209E9ED0C3AB}.Release|x86.ActiveCfg = Release|Any CPU
		{3A967D3B-13A1-410A-A8A4-209E9ED0C3AB}.Release|x86.Build.0 = Release|Any CPU
		{49EB7164-EB95-4E37-954F-F056356A3CC6}.Debug|Any CPU.ActiveCfg = Debug|Any CPU
		{49EB7164-EB95-4E37-954F-F056356A3CC6}.Debug|Any CPU.Build.0 = Debug|Any CPU
		{49EB7164-EB95-4E37-954F-F056356A3CC6}.Debug|x64.ActiveCfg = Debug|Any CPU
		{49EB7164-EB95-4E37-954F-F056356A3CC6}.Debug|x64.Build.0 = Debug|Any CPU
		{49EB7164-EB95-4E37-954F-F056356A3CC6}.Debug|x86.ActiveCfg = Debug|Any CPU
		{49EB7164-EB95-4E37-954F-F056356A3CC6}.Debug|x86.Build.0 = Debug|Any CPU
		{49EB7164-EB95-4E37-954F-F056356A3CC6}.Release|Any CPU.ActiveCfg = Release|Any CPU
		{49EB7164-EB95-4E37-954F-F056356A3CC6}.Release|Any CPU.Build.0 = Release|Any CPU
		{49EB7164-EB95-4E37-954F-F056356A3CC6}.Release|x64.ActiveCfg = Release|Any CPU
		{49EB7164-EB95-4E37-954F-F056356A3CC6}.Release|x64.Build.0 = Release|Any CPU
		{49EB7164-EB95-4E37-954F-F056356A3CC6}.Release|x86.ActiveCfg = Release|Any CPU
		{49EB7164-EB95-4E37-954F-F056356A3CC6}.Release|x86.Build.0 = Release|Any CPU
		{58455423-2BCC-48F0-B862-E9E26F967650}.Debug|Any CPU.ActiveCfg = Debug|Any CPU
		{58455423-2BCC-48F0-B862-E9E26F967650}.Debug|Any CPU.Build.0 = Debug|Any CPU
		{58455423-2BCC-48F0-B862-E9E26F967650}.Debug|x64.ActiveCfg = Debug|Any CPU
		{58455423-2BCC-48F0-B862-E9E26F967650}.Debug|x64.Build.0 = Debug|Any CPU
		{58455423-2BCC-48F0-B862-E9E26F967650}.Debug|x86.ActiveCfg = Debug|Any CPU
		{58455423-2BCC-48F0-B862-E9E26F967650}.Debug|x86.Build.0 = Debug|Any CPU
		{58455423-2BCC-48F0-B862-E9E26F967650}.Release|Any CPU.ActiveCfg = Release|Any CPU
		{58455423-2BCC-48F0-B862-E9E26F967650}.Release|Any CPU.Build.0 = Release|Any CPU
		{58455423-2BCC-48F0-B862-E9E26F967650}.Release|x64.ActiveCfg = Release|Any CPU
		{58455423-2BCC-48F0-B862-E9E26F967650}.Release|x64.Build.0 = Release|Any CPU
		{58455423-2BCC-48F0-B862-E9E26F967650}.Release|x86.ActiveCfg = Release|Any CPU
		{58455423-2BCC-48F0-B862-E9E26F967650}.Release|x86.Build.0 = Release|Any CPU
		{4E1F9029-3FED-40A4-AC79-DCB21DD2DEC4}.Debug|Any CPU.ActiveCfg = Debug|Any CPU
		{4E1F9029-3FED-40A4-AC79-DCB21DD2DEC4}.Debug|Any CPU.Build.0 = Debug|Any CPU
		{4E1F9029-3FED-40A4-AC79-DCB21DD2DEC4}.Debug|x64.ActiveCfg = Debug|Any CPU
		{4E1F9029-3FED-40A4-AC79-DCB21DD2DEC4}.Debug|x64.Build.0 = Debug|Any CPU
		{4E1F9029-3FED-40A4-AC79-DCB21DD2DEC4}.Debug|x86.ActiveCfg = Debug|Any CPU
		{4E1F9029-3FED-40A4-AC79-DCB21DD2DEC4}.Debug|x86.Build.0 = Debug|Any CPU
		{4E1F9029-3FED-40A4-AC79-DCB21DD2DEC4}.Release|Any CPU.ActiveCfg = Release|Any CPU
		{4E1F9029-3FED-40A4-AC79-DCB21DD2DEC4}.Release|Any CPU.Build.0 = Release|Any CPU
		{4E1F9029-3FED-40A4-AC79-DCB21DD2DEC4}.Release|x64.ActiveCfg = Release|Any CPU
		{4E1F9029-3FED-40A4-AC79-DCB21DD2DEC4}.Release|x64.Build.0 = Release|Any CPU
		{4E1F9029-3FED-40A4-AC79-DCB21DD2DEC4}.Release|x86.ActiveCfg = Release|Any CPU
		{4E1F9029-3FED-40A4-AC79-DCB21DD2DEC4}.Release|x86.Build.0 = Release|Any CPU
		{627AA5DC-5FD1-4F6A-806A-1DA36236194E}.Debug|Any CPU.ActiveCfg = Debug|Any CPU
		{627AA5DC-5FD1-4F6A-806A-1DA36236194E}.Debug|Any CPU.Build.0 = Debug|Any CPU
		{627AA5DC-5FD1-4F6A-806A-1DA36236194E}.Debug|x64.ActiveCfg = Debug|Any CPU
		{627AA5DC-5FD1-4F6A-806A-1DA36236194E}.Debug|x64.Build.0 = Debug|Any CPU
		{627AA5DC-5FD1-4F6A-806A-1DA36236194E}.Debug|x86.ActiveCfg = Debug|Any CPU
		{627AA5DC-5FD1-4F6A-806A-1DA36236194E}.Debug|x86.Build.0 = Debug|Any CPU
		{627AA5DC-5FD1-4F6A-806A-1DA36236194E}.Release|Any CPU.ActiveCfg = Release|Any CPU
		{627AA5DC-5FD1-4F6A-806A-1DA36236194E}.Release|Any CPU.Build.0 = Release|Any CPU
		{627AA5DC-5FD1-4F6A-806A-1DA36236194E}.Release|x64.ActiveCfg = Release|Any CPU
		{627AA5DC-5FD1-4F6A-806A-1DA36236194E}.Release|x64.Build.0 = Release|Any CPU
		{627AA5DC-5FD1-4F6A-806A-1DA36236194E}.Release|x86.ActiveCfg = Release|Any CPU
		{627AA5DC-5FD1-4F6A-806A-1DA36236194E}.Release|x86.Build.0 = Release|Any CPU
		{5CDEBB97-C12E-4E3F-8511-6277DDA734F4}.Debug|Any CPU.ActiveCfg = Debug|Any CPU
		{5CDEBB97-C12E-4E3F-8511-6277DDA734F4}.Debug|Any CPU.Build.0 = Debug|Any CPU
		{5CDEBB97-C12E-4E3F-8511-6277DDA734F4}.Debug|x64.ActiveCfg = Debug|Any CPU
		{5CDEBB97-C12E-4E3F-8511-6277DDA734F4}.Debug|x64.Build.0 = Debug|Any CPU
		{5CDEBB97-C12E-4E3F-8511-6277DDA734F4}.Debug|x86.ActiveCfg = Debug|Any CPU
		{5CDEBB97-C12E-4E3F-8511-6277DDA734F4}.Debug|x86.Build.0 = Debug|Any CPU
		{5CDEBB97-C12E-4E3F-8511-6277DDA734F4}.Release|Any CPU.ActiveCfg = Release|Any CPU
		{5CDEBB97-C12E-4E3F-8511-6277DDA734F4}.Release|Any CPU.Build.0 = Release|Any CPU
		{5CDEBB97-C12E-4E3F-8511-6277DDA734F4}.Release|x64.ActiveCfg = Release|Any CPU
		{5CDEBB97-C12E-4E3F-8511-6277DDA734F4}.Release|x64.Build.0 = Release|Any CPU
		{5CDEBB97-C12E-4E3F-8511-6277DDA734F4}.Release|x86.ActiveCfg = Release|Any CPU
		{5CDEBB97-C12E-4E3F-8511-6277DDA734F4}.Release|x86.Build.0 = Release|Any CPU
		{7D191CBF-A5EA-41F4-986D-B41821B7F24E}.Debug|Any CPU.ActiveCfg = Debug|Any CPU
		{7D191CBF-A5EA-41F4-986D-B41821B7F24E}.Debug|Any CPU.Build.0 = Debug|Any CPU
		{7D191CBF-A5EA-41F4-986D-B41821B7F24E}.Debug|x64.ActiveCfg = Debug|Any CPU
		{7D191CBF-A5EA-41F4-986D-B41821B7F24E}.Debug|x64.Build.0 = Debug|Any CPU
		{7D191CBF-A5EA-41F4-986D-B41821B7F24E}.Debug|x86.ActiveCfg = Debug|Any CPU
		{7D191CBF-A5EA-41F4-986D-B41821B7F24E}.Debug|x86.Build.0 = Debug|Any CPU
		{7D191CBF-A5EA-41F4-986D-B41821B7F24E}.Release|Any CPU.ActiveCfg = Release|Any CPU
		{7D191CBF-A5EA-41F4-986D-B41821B7F24E}.Release|Any CPU.Build.0 = Release|Any CPU
		{7D191CBF-A5EA-41F4-986D-B41821B7F24E}.Release|x64.ActiveCfg = Release|Any CPU
		{7D191CBF-A5EA-41F4-986D-B41821B7F24E}.Release|x64.Build.0 = Release|Any CPU
		{7D191CBF-A5EA-41F4-986D-B41821B7F24E}.Release|x86.ActiveCfg = Release|Any CPU
		{7D191CBF-A5EA-41F4-986D-B41821B7F24E}.Release|x86.Build.0 = Release|Any CPU
		{DCF4DDD0-6F4E-433E-A4D9-21932B36B2E3}.Debug|Any CPU.ActiveCfg = Debug|Any CPU
		{DCF4DDD0-6F4E-433E-A4D9-21932B36B2E3}.Debug|Any CPU.Build.0 = Debug|Any CPU
		{DCF4DDD0-6F4E-433E-A4D9-21932B36B2E3}.Debug|x64.ActiveCfg = Debug|Any CPU
		{DCF4DDD0-6F4E-433E-A4D9-21932B36B2E3}.Debug|x64.Build.0 = Debug|Any CPU
		{DCF4DDD0-6F4E-433E-A4D9-21932B36B2E3}.Debug|x86.ActiveCfg = Debug|Any CPU
		{DCF4DDD0-6F4E-433E-A4D9-21932B36B2E3}.Debug|x86.Build.0 = Debug|Any CPU
		{DCF4DDD0-6F4E-433E-A4D9-21932B36B2E3}.Release|Any CPU.ActiveCfg = Release|Any CPU
		{DCF4DDD0-6F4E-433E-A4D9-21932B36B2E3}.Release|Any CPU.Build.0 = Release|Any CPU
		{DCF4DDD0-6F4E-433E-A4D9-21932B36B2E3}.Release|x64.ActiveCfg = Release|Any CPU
		{DCF4DDD0-6F4E-433E-A4D9-21932B36B2E3}.Release|x64.Build.0 = Release|Any CPU
		{DCF4DDD0-6F4E-433E-A4D9-21932B36B2E3}.Release|x86.ActiveCfg = Release|Any CPU
		{DCF4DDD0-6F4E-433E-A4D9-21932B36B2E3}.Release|x86.Build.0 = Release|Any CPU
		{240A0930-9587-40F1-9016-99C564B7D3C2}.Debug|Any CPU.ActiveCfg = Debug|Any CPU
		{240A0930-9587-40F1-9016-99C564B7D3C2}.Debug|Any CPU.Build.0 = Debug|Any CPU
		{240A0930-9587-40F1-9016-99C564B7D3C2}.Debug|x64.ActiveCfg = Debug|Any CPU
		{240A0930-9587-40F1-9016-99C564B7D3C2}.Debug|x64.Build.0 = Debug|Any CPU
		{240A0930-9587-40F1-9016-99C564B7D3C2}.Debug|x86.ActiveCfg = Debug|Any CPU
		{240A0930-9587-40F1-9016-99C564B7D3C2}.Debug|x86.Build.0 = Debug|Any CPU
		{240A0930-9587-40F1-9016-99C564B7D3C2}.Release|Any CPU.ActiveCfg = Release|Any CPU
		{240A0930-9587-40F1-9016-99C564B7D3C2}.Release|Any CPU.Build.0 = Release|Any CPU
		{240A0930-9587-40F1-9016-99C564B7D3C2}.Release|x64.ActiveCfg = Release|Any CPU
		{240A0930-9587-40F1-9016-99C564B7D3C2}.Release|x64.Build.0 = Release|Any CPU
		{240A0930-9587-40F1-9016-99C564B7D3C2}.Release|x86.ActiveCfg = Release|Any CPU
		{240A0930-9587-40F1-9016-99C564B7D3C2}.Release|x86.Build.0 = Release|Any CPU
	EndGlobalSection
	GlobalSection(SolutionProperties) = preSolution
		HideSolutionNode = FALSE
	EndGlobalSection
	GlobalSection(NestedProjects) = preSolution
		{3A967D3B-13A1-410A-A8A4-209E9ED0C3AB} = {C0127DB6-3CA8-EE98-7726-A4993E48C5D4}
		{49EB7164-EB95-4E37-954F-F056356A3CC6} = {C0127DB6-3CA8-EE98-7726-A4993E48C5D4}
		{58455423-2BCC-48F0-B862-E9E26F967650} = {C0127DB6-3CA8-EE98-7726-A4993E48C5D4}
		{4E1F9029-3FED-40A4-AC79-DCB21DD2DEC4} = {C0127DB6-3CA8-EE98-7726-A4993E48C5D4}
		{627AA5DC-5FD1-4F6A-806A-1DA36236194E} = {E062B389-F9D7-4BCE-9B87-8EFF05D5DB7C}
		{5CDEBB97-C12E-4E3F-8511-6277DDA734F4} = {E062B389-F9D7-4BCE-9B87-8EFF05D5DB7C}
		{7D191CBF-A5EA-41F4-986D-B41821B7F24E} = {E062B389-F9D7-4BCE-9B87-8EFF05D5DB7C}
		{DCF4DDD0-6F4E-433E-A4D9-21932B36B2E3} = {E062B389-F9D7-4BCE-9B87-8EFF05D5DB7C}
		{240A0930-9587-40F1-9016-99C564B7D3C2} = {4D30FBE7-8BE3-4950-99A4-4E3C7E76E8F4}
	EndGlobalSection
EndGlobal
